
Microsoft Visual Studio Solution File, Format Version 12.00
# Visual Studio Version 17
VisualStudioVersion = 17.4.33213.308
MinimumVisualStudioVersion = 10.0.40219.1
Project("{FAE04EC0-301F-11D3-BF4B-00C04F79EFBC}") = "HomeworkApril26.Web", "HomeworkApril26.Web\HomeworkApril26.Web.csproj", "{036F684F-0F77-4492-9CBA-38FF101FA519}"
EndProject
Project("{FAE04EC0-301F-11D3-BF4B-00C04F79EFBC}") = "HomeworkApril26.Data", "HomeworkApril26.Data\HomeworkApril26.Data.csproj", "{B63EABC7-6918-4A1C-AA40-808A61471CE1}"
EndProject
Global
	GlobalSection(SolutionConfigurationPlatforms) = preSolution
		Debug|Any CPU = Debug|Any CPU
		Release|Any CPU = Release|Any CPU
	EndGlobalSection
	GlobalSection(ProjectConfigurationPlatforms) = postSolution
		{036F684F-0F77-4492-9CBA-38FF101FA519}.Debug|Any CPU.ActiveCfg = Debug|Any CPU
		{036F684F-0F77-4492-9CBA-38FF101FA519}.Debug|Any CPU.Build.0 = Debug|Any CPU
		{036F684F-0F77-4492-9CBA-38FF101FA519}.Release|Any CPU.ActiveCfg = Release|Any CPU
		{036F684F-0F77-4492-9CBA-38FF101FA519}.Release|Any CPU.Build.0 = Release|Any CPU
		{B63EABC7-6918-4A1C-AA40-808A61471CE1}.Debug|Any CPU.ActiveCfg = Debug|Any CPU
		{B63EABC7-6918-4A1C-AA40-808A61471CE1}.Debug|Any CPU.Build.0 = Debug|Any CPU
		{B63EABC7-6918-4A1C-AA40-808A61471CE1}.Release|Any CPU.ActiveCfg = Release|Any CPU
		{B63EABC7-6918-4A1C-AA40-808A61471CE1}.Release|Any CPU.Build.0 = Release|Any CPU
	EndGlobalSection
	GlobalSection(SolutionProperties) = preSolution
		HideSolutionNode = FALSE
	EndGlobalSection
	GlobalSection(ExtensibilityGlobals) = postSolution
		SolutionGuid = {47329816-0E9A-4732-BEA6-D58ACB36D138}
	EndGlobalSection
EndGlobal
